{
  "name": "esm-experiment",
  "version": "1.0.0",
  "lockfileVersion": 3,
  "requires": true,
  "packages": {
    "": {
      "name": "esm-experiment",
      "version": "1.0.0",
      "license": "ISC",
      "dependencies": {
        "natsort": "^2.0.3"
      }
    },
    "node_modules/natsort": {
      "version": "2.0.3",
      "resolved": "https://registry.npmjs.org/natsort/-/natsort-2.0.3.tgz",
      "integrity": "sha512-fuzhAiXcdNAIg2f5kqFOAABvX+uDoJvZs6DvCgioPf7FRAMHsw6G4kH7GFjSZ31yNFkNJuuOIilE8jl0JkavVQ=="
    }
  }
}
